<?xml version="1.0" encoding="utf-8"?>
<Project ToolsVersion="4.0" xmlns="http://schemas.microsoft.com/developer/msbuild/2003">
  <ItemGroup>
    <Filter Include="Source Files">
      <UniqueIdentifier>{4FC737F1-C7A5-4376-A066-2A32D752A2FF}</UniqueIdentifier>
      <Extensions>cpp;c;cc;cxx;def;odl;idl;hpj;bat;asm;asmx</Extensions>
    </Filter>
    <Filter Include="Header Files">
      <UniqueIdentifier>{93995380-89BD-4b04-88EB-625FBE52EBFB}</UniqueIdentifier>
      <Extensions>h;hh;hpp;hxx;hm;inl;inc;ipp;xsd</Extensions>
    </Filter>
    <Filter Include="Resource Files">
      <UniqueIdentifier>{67DA6AB6-F800-4c08-8B7A-83BB121AAD01}</UniqueIdentifier>
      <Extensions>rc;ico;cur;bmp;dlg;rc2;rct;bin;rgs;gif;jpg;jpeg;jpe;resx;tiff;tif;png;wav;mfcribbon-ms</Extensions>
    </Filter>
    <Filter Include="Shaders">
      <UniqueIdentifier>{d985b439-a60b-41fc-b4bd-605cf2dc5f60}</UniqueIdentifier>
    </Filter>
    <Filter Include="Shaders\Basic">
      <UniqueIdentifier>{496b42aa-7ad9-4811-8d14-3038052765cf}</UniqueIdentifier>
    </Filter>
    <Filter Include="Shaders\Lamp">
      <UniqueIdentifier>{fa93af06-343c-40dd-a99f-82e618674467}</UniqueIdentifier>
    </Filter>
    <Filter Include="Shaders\Screen">
      <UniqueIdentifier>{655d0a13-c94d-44a8-897a-3680c6dbe41b}</UniqueIdentifier>
    </Filter>
    <Filter Include="Shaders\Skybox">
      <UniqueIdentifier>{17dd247e-9363-424c-a61e-d7b49d2579ca}</UniqueIdentifier>
    </Filter>
    <Filter Include="Shaders\Debug">
      <UniqueIdentifier>{5fbb834a-7159-4278-9c5e-6fd9531df0f3}</UniqueIdentifier>
    </Filter>
    <Filter Include="Shaders\Blur">
      <UniqueIdentifier>{edfa42d1-c891-417a-8319-4aa853a31ff0}</UniqueIdentifier>
    </Filter>
    <Filter Include="Source Files\Main Sources">
      <UniqueIdentifier>{8ed5a554-3275-424a-9766-14076bee5e6f}</UniqueIdentifier>
    </Filter>
    <Filter Include="Header Files\Main Headers">
      <UniqueIdentifier>{bc193703-d4b1-475d-8a31-e1b05f8feda4}</UniqueIdentifier>
    </Filter>
    <Filter Include="Header Files\Shaders">
      <UniqueIdentifier>{d0d2e473-3b5b-4748-a66f-2023de21361d}</UniqueIdentifier>
    </Filter>
    <Filter Include="Header Files\Models">
      <UniqueIdentifier>{ab56eba7-fee4-42ea-9552-87a141952a7e}</UniqueIdentifier>
    </Filter>
    <Filter Include="Source Files\Shaders">
      <UniqueIdentifier>{396200e1-4606-4216-bd48-06339354aa8d}</UniqueIdentifier>
    </Filter>
    <Filter Include="Source Files\Models">
      <UniqueIdentifier>{1427af34-d8e0-4ba5-8519-61308055544a}</UniqueIdentifier>
    </Filter>
    <Filter Include="Source Files\Miscellaneous">
      <UniqueIdentifier>{1b08e0f6-12e1-4adc-aec6-767c81564f13}</UniqueIdentifier>
    </Filter>
    <Filter Include="Header Files\Miscellaneous">
      <UniqueIdentifier>{76ee2c72-cbc2-4dc7-ae11-360c1c5c1c71}</UniqueIdentifier>
    </Filter>
    <Filter Include="Shaders\Basic\SSAO">
      <UniqueIdentifier>{a5786329-a8fa-4f83-9633-cd5c178fb612}</UniqueIdentifier>
    </Filter>
    <Filter Include="Shaders\SSAO">
      <UniqueIdentifier>{d2db644a-4112-4d9d-a7e6-51f738b4f6a1}</UniqueIdentifier>
    </Filter>
    <Filter Include="Shaders\Font">
      <UniqueIdentifier>{e0e47846-724e-47fd-b466-bceb67cb8ce9}</UniqueIdentifier>
    </Filter>
  </ItemGroup>
  <ItemGroup>
    <ClCompile Include="glad.c">
      <Filter>Source Files</Filter>
    </ClCompile>
    <ClCompile Include="stb_image.cpp">
      <Filter>Source Files</Filter>
    </ClCompile>
    <ClCompile Include="Source.cpp">
      <Filter>Source Files\Main Sources</Filter>
    </ClCompile>
    <ClCompile Include="Sources\Main App\DrawData.cpp">
      <Filter>Source Files\Main Sources</Filter>
    </ClCompile>
    <ClCompile Include="Sources\Main App\Input.cpp">
      <Filter>Source Files\Main Sources</Filter>
    </ClCompile>
    <ClCompile Include="Sources\Main App\LoadData.cpp">
      <Filter>Source Files\Main Sources</Filter>
    </ClCompile>
    <ClCompile Include="Sources\Main App\MainApp.cpp">
      <Filter>Source Files\Main Sources</Filter>
    </ClCompile>
    <ClCompile Include="Sources\Shaders\Shader.cpp">
      <Filter>Source Files\Shaders</Filter>
    </ClCompile>
    <ClCompile Include="Sources\Models\Mesh.cpp">
      <Filter>Source Files\Models</Filter>
    </ClCompile>
    <ClCompile Include="Sources\Models\Model.cpp">
      <Filter>Source Files\Models</Filter>
    </ClCompile>
    <ClCompile Include="Sources\Miscellaneous\Camera.cpp">
      <Filter>Source Files\Miscellaneous</Filter>
    </ClCompile>
    <ClCompile Include="Sources\Miscellaneous\Utility.cpp">
      <Filter>Source Files\Miscellaneous</Filter>
    </ClCompile>
    <ClCompile Include="Sources\Main App\InitData.cpp">
      <Filter>Source Files\Main Sources</Filter>
    </ClCompile>
    <ClCompile Include="Sources\Main App\BuffersData.cpp">
      <Filter>Source Files\Main Sources</Filter>
    </ClCompile>
  </ItemGroup>
  <ItemGroup>
    <ClInclude Include="stb_image.h">
      <Filter>Header Files</Filter>
    </ClInclude>
    <ClInclude Include="Sources\Main App\MainApp.h">
      <Filter>Header Files\Main Headers</Filter>
    </ClInclude>
    <ClInclude Include="Sources\Main App\MainData.h">
      <Filter>Header Files\Main Headers</Filter>
    </ClInclude>
    <ClInclude Include="Sources\Shaders\Shader.h">
      <Filter>Header Files\Shaders</Filter>
    </ClInclude>
    <ClInclude Include="Sources\Models\Mesh.h">
      <Filter>Header Files\Models</Filter>
    </ClInclude>
    <ClInclude Include="Sources\Models\Model.h">
      <Filter>Header Files\Models</Filter>
    </ClInclude>
    <ClInclude Include="Sources\Miscellaneous\Camera.h">
      <Filter>Header Files\Miscellaneous</Filter>
    </ClInclude>
    <ClInclude Include="Header.h">
      <Filter>Header Files</Filter>
    </ClInclude>
  </ItemGroup>
  <ItemGroup>
    <None Include="Shaders\Basic\VertexShader.glsl">
      <Filter>Shaders\Basic</Filter>
    </None>
    <None Include="Shaders\Basic\FragmentShader.glsl">
      <Filter>Shaders\Basic</Filter>
    </None>
    <None Include="Shaders\Lamp\LampFS.glsl">
      <Filter>Shaders\Lamp</Filter>
    </None>
    <None Include="Shaders\Lamp\LampVS.glsl">
      <Filter>Shaders\Lamp</Filter>
    </None>
    <None Include="Shaders\Screen\ScreenShaderVS.glsl">
      <Filter>Shaders\Screen</Filter>
    </None>
    <None Include="Shaders\Screen\ScreenShaderFS.glsl">
      <Filter>Shaders\Screen</Filter>
    </None>
    <None Include="Shaders\Skybox\SkyboxShaderVS.glsl">
      <Filter>Shaders\Skybox</Filter>
    </None>
    <None Include="Shaders\Skybox\SkyboxShaderFS.glsl">
      <Filter>Shaders\Skybox</Filter>
    </None>
    <None Include="Shaders\Basic\GeometryShader.glsl">
      <Filter>Shaders\Basic</Filter>
    </None>
    <None Include="Shaders\Basic\ShadowDepthVS.glsl">
      <Filter>Shaders\Basic</Filter>
    </None>
    <None Include="Shaders\Basic\ShadowDepthFS.glsl">
      <Filter>Shaders\Basic</Filter>
    </None>
    <None Include="Shaders\Debug\DebugQuadVS.glsl">
      <Filter>Shaders\Debug</Filter>
    </None>
    <None Include="Shaders\Debug\DebugQuadFS.glsl">
      <Filter>Shaders\Debug</Filter>
    </None>
    <None Include="Shaders\Blur\BlurShaderVS.glsl">
      <Filter>Shaders\Blur</Filter>
    </None>
    <None Include="Shaders\Blur\BlurShaderFS.glsl">
      <Filter>Shaders\Blur</Filter>
    </None>
    <None Include="Shaders\Screen\FinalShaderFS.glsl">
      <Filter>Shaders\Screen</Filter>
    </None>
    <None Include="Shaders\Basic\SSAO\SsaoShaderVS.glsl">
      <Filter>Shaders\Basic\SSAO</Filter>
    </None>
    <None Include="Shaders\Basic\SSAO\SsaoShaderFS.glsl">
      <Filter>Shaders\Basic\SSAO</Filter>
    </None>
    <None Include="Shaders\SSAO\SsaoVS.glsl">
      <Filter>Shaders\SSAO</Filter>
    </None>
    <None Include="Shaders\SSAO\SsaoFS.glsl">
      <Filter>Shaders\SSAO</Filter>
    </None>
    <None Include="Shaders\SSAO\SsaoBlurFS.glsl">
      <Filter>Shaders\SSAO</Filter>
    </None>
    <None Include="Shaders\Font\FontShaderFS.glsl">
      <Filter>Shaders\Font</Filter>
    </None>
    <None Include="Shaders\Font\FontShaderVS.glsl">
      <Filter>Shaders\Font</Filter>
    </None>
  </ItemGroup>
</Project>