<?xml version="1.0" encoding="utf-8"?>
<Project ToolsVersion="4.0" xmlns="http://schemas.microsoft.com/developer/msbuild/2003">
  <ItemGroup>
    <Filter Include="Source Files">
      <UniqueIdentifier>{4FC737F1-C7A5-4376-A066-2A32D752A2FF}</UniqueIdentifier>
      <Extensions>cpp;c;cc;cxx;def;odl;idl;hpj;bat;asm;asmx</Extensions>
    </Filter>
    <Filter Include="Header Files">
      <UniqueIdentifier>{93995380-89BD-4b04-88EB-625FBE52EBFB}</UniqueIdentifier>
      <Extensions>h;hh;hpp;hxx;hm;inl;inc;ipp;xsd</Extensions>
    </Filter>
    <Filter Include="Resource Files">
      <UniqueIdentifier>{67DA6AB6-F800-4c08-8B7A-83BB121AAD01}</UniqueIdentifier>
      <Extensions>rc;ico;cur;bmp;dlg;rc2;rct;bin;rgs;gif;jpg;jpeg;jpe;resx;tiff;tif;png;wav;mfcribbon-ms</Extensions>
    </Filter>
    <Filter Include="Shaders">
      <UniqueIdentifier>{d985b439-a60b-41fc-b4bd-605cf2dc5f60}</UniqueIdentifier>
    </Filter>
    <Filter Include="Shaders\Basic">
      <UniqueIdentifier>{496b42aa-7ad9-4811-8d14-3038052765cf}</UniqueIdentifier>
    </Filter>
    <Filter Include="Shaders\Lamp">
      <UniqueIdentifier>{fa93af06-343c-40dd-a99f-82e618674467}</UniqueIdentifier>
    </Filter>
    <Filter Include="Shaders\Screen">
      <UniqueIdentifier>{655d0a13-c94d-44a8-897a-3680c6dbe41b}</UniqueIdentifier>
    </Filter>
    <Filter Include="Shaders\Skybox">
      <UniqueIdentifier>{17dd247e-9363-424c-a61e-d7b49d2579ca}</UniqueIdentifier>
    </Filter>
    <Filter Include="Shaders\Debug">
      <UniqueIdentifier>{5fbb834a-7159-4278-9c5e-6fd9531df0f3}</UniqueIdentifier>
    </Filter>
  </ItemGroup>
  <ItemGroup>
    <ClCompile Include="glad.c">
      <Filter>Source Files</Filter>
    </ClCompile>
    <ClCompile Include="Source.cpp">
      <Filter>Source Files</Filter>
    </ClCompile>
    <ClCompile Include="Utility.cpp">
      <Filter>Source Files</Filter>
    </ClCompile>
    <ClCompile Include="Shader.cpp">
      <Filter>Source Files</Filter>
    </ClCompile>
    <ClCompile Include="stb_image.cpp">
      <Filter>Source Files</Filter>
    </ClCompile>
    <ClCompile Include="Camera.cpp">
      <Filter>Source Files</Filter>
    </ClCompile>
    <ClCompile Include="Mesh.cpp">
      <Filter>Source Files</Filter>
    </ClCompile>
    <ClCompile Include="Model.cpp">
      <Filter>Source Files</Filter>
    </ClCompile>
  </ItemGroup>
  <ItemGroup>
    <ClInclude Include="Header.h">
      <Filter>Header Files</Filter>
    </ClInclude>
    <ClInclude Include="Shader.h">
      <Filter>Header Files</Filter>
    </ClInclude>
    <ClInclude Include="stb_image.h">
      <Filter>Header Files</Filter>
    </ClInclude>
    <ClInclude Include="Camera.h">
      <Filter>Header Files</Filter>
    </ClInclude>
    <ClInclude Include="Mesh.h">
      <Filter>Header Files</Filter>
    </ClInclude>
    <ClInclude Include="Model.h">
      <Filter>Header Files</Filter>
    </ClInclude>
  </ItemGroup>
  <ItemGroup>
    <None Include="Shaders\Basic\VertexShader.glsl">
      <Filter>Shaders\Basic</Filter>
    </None>
    <None Include="Shaders\Basic\FragmentShader.glsl">
      <Filter>Shaders\Basic</Filter>
    </None>
    <None Include="Shaders\Lamp\LampFS.glsl">
      <Filter>Shaders\Lamp</Filter>
    </None>
    <None Include="Shaders\Lamp\LampVS.glsl">
      <Filter>Shaders\Lamp</Filter>
    </None>
    <None Include="Shaders\Screen\ScreenShaderVS.glsl">
      <Filter>Shaders\Screen</Filter>
    </None>
    <None Include="Shaders\Screen\ScreenShaderFS.glsl">
      <Filter>Shaders\Screen</Filter>
    </None>
    <None Include="Shaders\Skybox\SkyboxShaderVS.glsl">
      <Filter>Shaders\Skybox</Filter>
    </None>
    <None Include="Shaders\Skybox\SkyboxShaderFS.glsl">
      <Filter>Shaders\Skybox</Filter>
    </None>
    <None Include="Shaders\Basic\GeometryShader.glsl">
      <Filter>Shaders\Basic</Filter>
    </None>
    <None Include="Shaders\Basic\ShadowDepthVS.glsl">
      <Filter>Shaders\Basic</Filter>
    </None>
    <None Include="Shaders\Basic\ShadowDepthFS.glsl">
      <Filter>Shaders\Basic</Filter>
    </None>
    <None Include="Shaders\Debug\DebugQuadVS.glsl">
      <Filter>Shaders\Debug</Filter>
    </None>
    <None Include="Shaders\Debug\DebugQuadFS.glsl">
      <Filter>Shaders\Debug</Filter>
    </None>
  </ItemGroup>
</Project>